# THIS IS AN AUTOGENERATED FILE. DO NOT EDIT THIS FILE DIRECTLY.
# yarn lockfile v1


"@types/arangodb@^3.4.9", "@types/arangodb@^3.5.0":
  version "3.5.10"
  resolved "https://registry.npm.taobao.org/@types/arangodb/download/@types/arangodb-3.5.10.tgz#58b109f851aaa69dc1db73d58a8c0ef9b3d1346d"
  integrity sha1-WLEJ+FGqpp3B23PViowO+bPRNG0=
  dependencies:
    "@types/node" "*"

"@types/joi@14.3.2":
  version "14.3.2"
  resolved "https://registry.npm.taobao.org/@types/joi/download/@types/joi-14.3.2.tgz#eff771f0b19698b8e6e7c6fe6b625e07e2618fe9"
  integrity sha1-7/dx8LGWmLjm58b+a2JeB+Jhj+k=

"@types/joi@^14.3.2":
  version "14.3.4"
  resolved "https://registry.npm.taobao.org/@types/joi/download/@types/joi-14.3.4.tgz#eed1e14cbb07716079c814138831a520a725a1e0"
  integrity sha1-7tHhTLsHcWB5yBQTiDGlIKcloeA=

"@types/node@*", "@types/node@^14.14.36":
  version "14.14.36"
  resolved "https://registry.npm.taobao.org/@types/node/download/@types/node-14.14.36.tgz?cache=0&sync_timestamp=1616695725521&other_urls=https%3A%2F%2Fregistry.npm.taobao.org%2F%40types%2Fnode%2Fdownload%2F%40types%2Fnode-14.14.36.tgz#5637905dbb15c30a33a3c65b9ef7c20e3c85ebad"
  integrity sha1-VjeQXbsVwwozo8ZbnvfCDjyF660=

"@types/node@^11.11.7":
  version "11.15.49"
  resolved "https://registry.npm.taobao.org/@types/node/download/@types/node-11.15.49.tgz?cache=0&sync_timestamp=1616695725521&other_urls=https%3A%2F%2Fregistry.npm.taobao.org%2F%40types%2Fnode%2Fdownload%2F%40types%2Fnode-11.15.49.tgz#967d282ec27c072d8fa5f0aa4f0235b988fabadc"
  integrity sha1-ln0oLsJ8By2PpfCqTwI1uYj6utw=

hoek@6.x.x:
  version "6.1.3"
  resolved "https://registry.npm.taobao.org/hoek/download/hoek-6.1.3.tgz#73b7d33952e01fe27a38b0457294b79dd8da242c"
  integrity sha1-c7fTOVLgH+J6OLBFcpS3ndjaJCw=

isemail@3.x.x:
  version "3.2.0"
  resolved "https://registry.npm.taobao.org/isemail/download/isemail-3.2.0.tgz#59310a021931a9fb06bbb51e155ce0b3f236832c"
  integrity sha1-WTEKAhkxqfsGu7UeFVzgs/I2gyw=
  dependencies:
    punycode "2.x.x"

joi@^14.3.1:
  version "14.3.1"
  resolved "https://registry.npm.taobao.org/joi/download/joi-14.3.1.tgz?cache=0&sync_timestamp=1612746859695&other_urls=https%3A%2F%2Fregistry.npm.taobao.org%2Fjoi%2Fdownload%2Fjoi-14.3.1.tgz#164a262ec0b855466e0c35eea2a885ae8b6c703c"
  integrity sha1-FkomLsC4VUZuDDXuoqiFrotscDw=
  dependencies:
    hoek "6.x.x"
    isemail "3.x.x"
    topo "3.x.x"

punycode@2.x.x:
  version "2.1.1"
  resolved "https://registry.npm.taobao.org/punycode/download/punycode-2.1.1.tgz#b58b010ac40c22c5657616c8d2c2c02c7bf479ec"
  integrity sha1-tYsBCsQMIsVldhbI0sLALHv0eew=

reflect-metadata@^0.1.13:
  version "0.1.13"
  resolved "https://registry.npm.taobao.org/reflect-metadata/download/reflect-metadata-0.1.13.tgz#67ae3ca57c972a2aa1642b10fe363fe32d49dc08"
  integrity sha1-Z648pXyXKiqhZCsQ/jY/4y1J3Ag=

topo@3.x.x:
  version "3.0.3"
  resolved "https://registry.npm.taobao.org/topo/download/topo-3.0.3.tgz#d5a67fb2e69307ebeeb08402ec2a2a6f5f7ad95c"
  integrity sha1-1aZ/suaTB+vusIQC7Coqb1962Vw=
  dependencies:
    hoek "6.x.x"

type-arango@^1.3.2:
  version "1.3.2"
  resolved "https://registry.npm.taobao.org/type-arango/download/type-arango-1.3.2.tgz#2cbc0cb69820497c5db1cc52e571d2e1790ca342"
  integrity sha1-LLwMtpggSXxdscxS5XHS4XkMo0I=
  dependencies:
    "@types/arangodb" "^3.5.0"
    "@types/joi" "^14.3.2"
    "@types/node" "^11.11.7"
    joi "^14.3.1"
    reflect-metadata "^0.1.13"
    typescript "^3.7.4"

typescript@^3.7.4:
  version "3.9.9"
  resolved "https://registry.npm.taobao.org/typescript/download/typescript-3.9.9.tgz?cache=0&sync_timestamp=1616657465227&other_urls=https%3A%2F%2Fregistry.npm.taobao.org%2Ftypescript%2Fdownload%2Ftypescript-3.9.9.tgz#e69905c54bc0681d0518bd4d587cc6f2d0b1a674"
  integrity sha1-5pkFxUvAaB0FGL1NWHzG8tCxpnQ=

typescript@^4.2.3:
  version "4.2.3"
  resolved "https://registry.npm.taobao.org/typescript/download/typescript-4.2.3.tgz?cache=0&sync_timestamp=1616657465227&other_urls=https%3A%2F%2Fregistry.npm.taobao.org%2Ftypescript%2Fdownload%2Ftypescript-4.2.3.tgz#39062d8019912d43726298f09493d598048c1ce3"
  integrity sha1-OQYtgBmRLUNyYpjwlJPVmASMHOM=
